
Microsoft Visual Studio Solution File, Format Version 12.00
# Visual Studio Version 17
VisualStudioVersion = 17.9.34728.123
MinimumVisualStudioVersion = 10.0.40219.1
Project("{FAE04EC0-301F-11D3-BF4B-00C04F79EFBC}") = "Task46", "Task46\Task46.csproj", "{7D7A8CCF-876F-4EE0-AF77-33027972FE04}"
EndProject
Global
	GlobalSection(SolutionConfigurationPlatforms) = preSolution
		Debug|Any CPU = Debug|Any CPU
		Release|Any CPU = Release|Any CPU
	EndGlobalSection
	GlobalSection(ProjectConfigurationPlatforms) = postSolution
		{7D7A8CCF-876F-4EE0-AF77-33027972FE04}.Debug|Any CPU.ActiveCfg = Debug|Any CPU
		{7D7A8CCF-876F-4EE0-AF77-33027972FE04}.Debug|Any CPU.Build.0 = Debug|Any CPU
		{7D7A8CCF-876F-4EE0-AF77-33027972FE04}.Release|Any CPU.ActiveCfg = Release|Any CPU
		{7D7A8CCF-876F-4EE0-AF77-33027972FE04}.Release|Any CPU.Build.0 = Release|Any CPU
	EndGlobalSection
	GlobalSection(SolutionProperties) = preSolution
		HideSolutionNode = FALSE
	EndGlobalSection
	GlobalSection(ExtensibilityGlobals) = postSolution
		SolutionGuid = {7FF2463C-8A74-48AB-87C2-CE953D8823BA}
	EndGlobalSection
EndGlobal
