
Microsoft Visual Studio Solution File, Format Version 12.00
# Visual Studio Version 17
VisualStudioVersion = 17.9.34728.123
MinimumVisualStudioVersion = 10.0.40219.1
Project("{FAE04EC0-301F-11D3-BF4B-00C04F79EFBC}") = "Task47", "Task47\Task47.csproj", "{FBBEA744-8C8B-4F5C-8A84-740F1D7133EE}"
EndProject
Global
	GlobalSection(SolutionConfigurationPlatforms) = preSolution
		Debug|Any CPU = Debug|Any CPU
		Release|Any CPU = Release|Any CPU
	EndGlobalSection
	GlobalSection(ProjectConfigurationPlatforms) = postSolution
		{FBBEA744-8C8B-4F5C-8A84-740F1D7133EE}.Debug|Any CPU.ActiveCfg = Debug|Any CPU
		{FBBEA744-8C8B-4F5C-8A84-740F1D7133EE}.Debug|Any CPU.Build.0 = Debug|Any CPU
		{FBBEA744-8C8B-4F5C-8A84-740F1D7133EE}.Release|Any CPU.ActiveCfg = Release|Any CPU
		{FBBEA744-8C8B-4F5C-8A84-740F1D7133EE}.Release|Any CPU.Build.0 = Release|Any CPU
	EndGlobalSection
	GlobalSection(SolutionProperties) = preSolution
		HideSolutionNode = FALSE
	EndGlobalSection
	GlobalSection(ExtensibilityGlobals) = postSolution
		SolutionGuid = {46ED1682-D483-4818-AB46-E80F1D3F45C4}
	EndGlobalSection
EndGlobal
